
Microsoft Visual Studio Solution File, Format Version 12.00
# Visual Studio Version 17
VisualStudioVersion = 17.8.34316.72
MinimumVisualStudioVersion = 10.0.40219.1
Project("{FAE04EC0-301F-11D3-BF4B-00C04F79EFBC}") = "Web", "src\Web\Web.csproj", "{EC0A5412-9A94-4D43-8806-92FAB6B61665}"
EndProject
Project("{FAE04EC0-301F-11D3-BF4B-00C04F79EFBC}") = "Domain", "src\Domain\Domain.csproj", "{3E7D1CFC-9A6E-4F7F-B857-408C616A1C59}"
EndProject
Project("{FAE04EC0-301F-11D3-BF4B-00C04F79EFBC}") = "Application", "src\Application\Application.csproj", "{9E1BBE39-C98F-4703-A5FC-9B085EE8AA5B}"
EndProject
Project("{FAE04EC0-301F-11D3-BF4B-00C04F79EFBC}") = "Infrastructure", "src\Infrastructure\Infrastructure.csproj", "{3CFDBA10-A85E-4A75-81B2-1A11967C9740}"
EndProject
Global
	GlobalSection(SolutionConfigurationPlatforms) = preSolution
		Debug|Any CPU = Debug|Any CPU
		Release|Any CPU = Release|Any CPU
	EndGlobalSection
	GlobalSection(ProjectConfigurationPlatforms) = postSolution
		{EC0A5412-9A94-4D43-8806-92FAB6B61665}.Debug|Any CPU.ActiveCfg = Debug|Any CPU
		{EC0A5412-9A94-4D43-8806-92FAB6B61665}.Debug|Any CPU.Build.0 = Debug|Any CPU
		{EC0A5412-9A94-4D43-8806-92FAB6B61665}.Release|Any CPU.ActiveCfg = Release|Any CPU
		{EC0A5412-9A94-4D43-8806-92FAB6B61665}.Release|Any CPU.Build.0 = Release|Any CPU
		{3E7D1CFC-9A6E-4F7F-B857-408C616A1C59}.Debug|Any CPU.ActiveCfg = Debug|Any CPU
		{3E7D1CFC-9A6E-4F7F-B857-408C616A1C59}.Debug|Any CPU.Build.0 = Debug|Any CPU
		{3E7D1CFC-9A6E-4F7F-B857-408C616A1C59}.Release|Any CPU.ActiveCfg = Release|Any CPU
		{3E7D1CFC-9A6E-4F7F-B857-408C616A1C59}.Release|Any CPU.Build.0 = Release|Any CPU
		{9E1BBE39-C98F-4703-A5FC-9B085EE8AA5B}.Debug|Any CPU.ActiveCfg = Debug|Any CPU
		{9E1BBE39-C98F-4703-A5FC-9B085EE8AA5B}.Debug|Any CPU.Build.0 = Debug|Any CPU
		{9E1BBE39-C98F-4703-A5FC-9B085EE8AA5B}.Release|Any CPU.ActiveCfg = Release|Any CPU
		{9E1BBE39-C98F-4703-A5FC-9B085EE8AA5B}.Release|Any CPU.Build.0 = Release|Any CPU
		{3CFDBA10-A85E-4A75-81B2-1A11967C9740}.Debug|Any CPU.ActiveCfg = Debug|Any CPU
		{3CFDBA10-A85E-4A75-81B2-1A11967C9740}.Debug|Any CPU.Build.0 = Debug|Any CPU
		{3CFDBA10-A85E-4A75-81B2-1A11967C9740}.Release|Any CPU.ActiveCfg = Release|Any CPU
		{3CFDBA10-A85E-4A75-81B2-1A11967C9740}.Release|Any CPU.Build.0 = Release|Any CPU
	EndGlobalSection
	GlobalSection(SolutionProperties) = preSolution
		HideSolutionNode = FALSE
	EndGlobalSection
	GlobalSection(ExtensibilityGlobals) = postSolution
		SolutionGuid = {6F29ED35-A90C-49A5-B5E8-5A3FD221BD44}
	EndGlobalSection
EndGlobal
